// !$*UTF8*$!
{
	archiveVersion = 1;
	classes = {
	};
	objectVersion = 46;
	objects = {

/* Begin PBXBuildFile section */
		41430C1C1E037A9800DA54D7 /* AppDelegate.swift in Sources */ = {isa = PBXBuildFile; fileRef = 41430C1B1E037A9800DA54D7 /* AppDelegate.swift */; };
		41430C1E1E037A9800DA54D7 /* ViewController.swift in Sources */ = {isa = PBXBuildFile; fileRef = 41430C1D1E037A9800DA54D7 /* ViewController.swift */; };
		41430C211E037A9800DA54D7 /* Main.storyboard in Resources */ = {isa = PBXBuildFile; fileRef = 41430C1F1E037A9800DA54D7 /* Main.storyboard */; };
		41430C241E037A9800DA54D7 /* Wisher.xcdatamodeld in Sources */ = {isa = PBXBuildFile; fileRef = 41430C221E037A9800DA54D7 /* Wisher.xcdatamodeld */; };
		41430C261E037A9800DA54D7 /* Assets.xcassets in Resources */ = {isa = PBXBuildFile; fileRef = 41430C251E037A9800DA54D7 /* Assets.xcassets */; };
		41430C291E037A9800DA54D7 /* LaunchScreen.storyboard in Resources */ = {isa = PBXBuildFile; fileRef = 41430C271E037A9800DA54D7 /* LaunchScreen.storyboard */; };
/* End PBXBuildFile section */

/* Begin PBXFileReference section */
		41430C181E037A9800DA54D7 /* Wisher.app */ = {isa = PBXFileReference; explicitFileType = wrapper.application; includeInIndex = 0; path = Wisher.app; sourceTree = BUILT_PRODUCTS_DIR; };
		41430C1B1E037A9800DA54D7 /* AppDelegate.swift */ = {isa = PBXFileReference; lastKnownFileType = sourcecode.swift; path = AppDelegate.swift; sourceTree = "<group>"; };
		41430C1D1E037A9800DA54D7 /* ViewController.swift */ = {isa = PBXFileReference; lastKnownFileType = sourcecode.swift; path = ViewController.swift; sourceTree = "<group>"; };
		41430C201E037A9800DA54D7 /* Base */ = {isa = PBXFileReference; lastKnownFileType = file.storyboard; name = Base; path = Base.lproj/Main.storyboard; sourceTree = "<group>"; };
		41430C231E037A9800DA54D7 /* Wisher.xcdatamodel */ = {isa = PBXFileReference; lastKnownFileType = wrapper.xcdatamodel; path = Wisher.xcdatamodel; sourceTree = "<group>"; };
		41430C251E037A9800DA54D7 /* Assets.xcassets */ = {isa = PBXFileReference; lastKnownFileType = folder.assetcatalog; path = Assets.xcassets; sourceTree = "<group>"; };
		41430C281E037A9800DA54D7 /* Base */ = {isa = PBXFileReference; lastKnownFileType = file.storyboard; name = Base; path = Base.lproj/LaunchScreen.storyboard; sourceTree = "<group>"; };
		41430C2A1E037A9800DA54D7 /* Info.plist */ = {isa = PBXFileReference; lastKnownFileType = text.plist.xml; path = Info.plist; sourceTree = "<group>"; };
/* End PBXFileReference section */

/* Begin PBXFrameworksBuildPhase section */
		41430C151E037A9800DA54D7 /* Frameworks */ = {
			isa = PBXFrameworksBuildPhase;
			buildActionMask = 2147483647;
			files = (
			);
			runOnlyForDeploymentPostprocessing = 0;
		};
/* End PBXFrameworksBuildPhase section */

/* Begin PBXGroup section */
		41430C0F1E037A9800DA54D7 = {
			isa = PBXGroup;
			children = (
				41430C1A1E037A9800DA54D7 /* Wisher */,
				41430C191E037A9800DA54D7 /* Products */,
			);
			sourceTree = "<group>";
		};
		41430C191E037A9800DA54D7 /* Products */ = {
			isa = PBXGroup;
			children = (
				41430C181E037A9800DA54D7 /* Wisher.app */,
			);
			name = Products;
			sourceTree = "<group>";
		};
		41430C1A1E037A9800DA54D7 /* Wisher */ = {
			isa = PBXGroup;
			children = (
				41430C1B1E037A9800DA54D7 /* AppDelegate.swift */,
				41430C1D1E037A9800DA54D7 /* ViewController.swift */,
				41430C1F1E037A9800DA54D7 /* Main.storyboard */,
				41430C251E037A9800DA54D7 /* Assets.xcassets */,
				41430C271E037A9800DA54D7 /* LaunchScreen.storyboard */,
				41430C2A1E037A9800DA54D7 /* Info.plist */,
				41430C221E037A9800DA54D7 /* Wisher.xcdatamodeld */,
			);
			path = Wisher;
			sourceTree = "<group>";
		};
/* End PBXGroup section */

/* Begin PBXNativeTarget section */
		41430C171E037A9800DA54D7 /* Wisher */ = {
			isa = PBXNativeTarget;
			buildConfigurationList = 41430C2D1E037A9800DA54D7 /* Build configuration list for PBXNativeTarget "Wisher" */;
			buildPhases = (
				41430C141E037A9800DA54D7 /* Sources */,
				41430C151E037A9800DA54D7 /* Frameworks */,
				41430C161E037A9800DA54D7 /* Resources */,
			);
			buildRules = (
			);
			dependencies = (
			);
			name = Wisher;
			productName = Wisher;
			productReference = 41430C181E037A9800DA54D7 /* Wisher.app */;
			productType = "com.apple.product-type.application";
		};
/* End PBXNativeTarget section */

/* Begin PBXProject section */
		41430C101E037A9800DA54D7 /* Project object */ = {
			isa = PBXProject;
			attributes = {
				LastSwiftUpdateCheck = 0820;
				LastUpgradeCheck = 0820;
				ORGANIZATIONNAME = "Eugene Pavlov";
				TargetAttributes = {
					41430C171E037A9800DA54D7 = {
						CreatedOnToolsVersion = 8.2;
						DevelopmentTeam = 7CWD477XND;
						ProvisioningStyle = Automatic;
					};
				};
			};
			buildConfigurationList = 41430C131E037A9800DA54D7 /* Build configuration list for PBXProject "Wisher" */;
			compatibilityVersion = "Xcode 3.2";
			developmentRegion = English;
			hasScannedForEncodings = 0;
			knownRegions = (
				en,
				Base,
			);
			mainGroup = 41430C0F1E037A9800DA54D7;
			productRefGroup = 41430C191E037A9800DA54D7 /* Products */;
			projectDirPath = "";
			projectRoot = "";
			targets = (
				41430C171E037A9800DA54D7 /* Wisher */,
			);
		};
/* End PBXProject section */

/* Begin PBXResourcesBuildPhase section */
		41430C161E037A9800DA54D7 /* Resources */ = {
			isa = PBXResourcesBuildPhase;
			buildActionMask = 2147483647;
			files = (
				41430C291E037A9800DA54D7 /* LaunchScreen.storyboard in Resources */,
				41430C261E037A9800DA54D7 /* Assets.xcassets in Resources */,
				41430C211E037A9800DA54D7 /* Main.storyboard in Resources */,
			);
			runOnlyForDeploymentPostprocessing = 0;
		};
/* End PBXResourcesBuildPhase section */

/* Begin PBXSourcesBuildPhase section */
		41430C141E037A9800DA54D7 /* Sources */ = {
			isa = PBXSourcesBuildPhase;
			buildActionMask = 2147483647;
			files = (
				41430C1E1E037A9800DA54D7 /* ViewController.swift in Sources */,
				41430C1C1E037A9800DA54D7 /* AppDelegate.swift in Sources */,
				41430C241E037A9800DA54D7 /* Wisher.xcdatamodeld in Sources */,
			);
			runOnlyForDeploymentPostprocessing = 0;
		};
/* End PBXSourcesBuildPhase section */

/* Begin PBXVariantGroup section */
		41430C1F1E037A9800DA54D7 /* Main.storyboard */ = {
			isa = PBXVariantGroup;
			children = (
				41430C201E037A9800DA54D7 /* Base */,
			);
			name = Main.storyboard;
			sourceTree = "<group>";
		};
		41430C271E037A9800DA54D7 /* LaunchScreen.storyboard */ = {
			isa = PBXVariantGroup;
			children = (
				41430C281E037A9800DA54D7 /* Base */,
			);
			name = LaunchScreen.storyboard;
			sourceTree = "<group>";
		};
/* End PBXVariantGroup section */

/* Begin XCBuildConfiguration section */
		41430C2B1E037A9800DA54D7 /* Debug */ = {
			isa = XCBuildConfiguration;
			buildSettings = {
				ALWAYS_SEARCH_USER_PATHS = NO;
				CLANG_ANALYZER_NONNULL = YES;
				CLANG_CXX_LANGUAGE_STANDARD = "gnu++0x";
				CLANG_CXX_LIBRARY = "libc++";
				CLANG_ENABLE_MODULES = YES;
				CLANG_ENABLE_OBJC_ARC = YES;
				CLANG_WARN_BOOL_CONVERSION = YES;
				CLANG_WARN_CONSTANT_CONVERSION = YES;
				CLANG_WARN_DIRECT_OBJC_ISA_USAGE = YES_ERROR;
				CLANG_WARN_DOCUMENTATION_COMMENTS = YES;
				CLANG_WARN_EMPTY_BODY = YES;
				CLANG_WARN_ENUM_CONVERSION = YES;
				CLANG_WARN_INFINITE_RECURSION = YES;
				CLANG_WARN_INT_CONVERSION = YES;
				CLANG_WARN_OBJC_ROOT_CLASS = YES_ERROR;
				CLANG_WARN_SUSPICIOUS_MOVE = YES;
				CLANG_WARN_UNREACHABLE_CODE = YES;
				CLANG_WARN__DUPLICATE_METHOD_MATCH = YES;
				"CODE_SIGN_IDENTITY[sdk=iphoneos*]" = "iPhone Developer";
				COPY_PHASE_STRIP = NO;
				DEBUG_INFORMATION_FORMAT = dwarf;
				ENABLE_STRICT_OBJC_MSGSEND = YES;
				ENABLE_TESTABILITY = YES;
				GCC_C_LANGUAGE_STANDARD = gnu99;
				GCC_DYNAMIC_NO_PIC = NO;
				GCC_NO_COMMON_BLOCKS = YES;
				GCC_OPTIMIZATION_LEVEL = 0;
				GCC_PREPROCESSOR_DEFINITIONS = (
					"DEBUG=1",
					"$(inherited)",
				);
				GCC_WARN_64_TO_32_BIT_CONVERSION = YES;
				GCC_WARN_ABOUT_RETURN_TYPE = YES_ERROR;
				GCC_WARN_UNDECLARED_SELECTOR = YES;
				GCC_WARN_UNINITIALIZED_AUTOS = YES_AGGRESSIVE;
				GCC_WARN_UNUSED_FUNCTION = YES;
				GCC_WARN_UNUSED_VARIABLE = YES;
				IPHONEOS_DEPLOYMENT_TARGET = 10.2;
				MTL_ENABLE_DEBUG_INFO = YES;
				ONLY_ACTIVE_ARCH = YES;
				SDKROOT = iphoneos;
				SWIFT_ACTIVE_COMPILATION_CONDITIONS = DEBUG;
				SWIFT_OPTIMIZATION_LEVEL = "-Onone";
				TARGETED_DEVICE_FAMILY = "1,2";
			};
			name = Debug;
		};
		41430C2C1E037A9800DA54D7 /* Release */ = {
			isa = XCBuildConfiguration;
			buildSettings = {
				ALWAYS_SEARCH_USER_PATHS = NO;
				CLANG_ANALYZER_NONNULL = YES;
				CLANG_CXX_LANGUAGE_STANDARD = "gnu++0x";
				CLANG_CXX_LIBRARY = "libc++";
				CLANG_ENABLE_MODULES = YES;
				CLANG_ENABLE_OBJC_ARC = YES;
				CLANG_WARN_BOOL_CONVERSION = YES;
				CLANG_WARN_CONSTANT_CONVERSION = YES;
				CLANG_WARN_DIRECT_OBJC_ISA_USAGE = YES_ERROR;
				CLANG_WARN_DOCUMENTATION_COMMENTS = YES;
				CLANG_WARN_EMPTY_BODY = YES;
				CLANG_WARN_ENUM_CONVERSION = YES;
				CLANG_WARN_INFINITE_RECURSION = YES;
				CLANG_WARN_INT_CONVERSION = YES;
				CLANG_WARN_OBJC_ROOT_CLASS = YES_ERROR;
				CLANG_WARN_SUSPICIOUS_MOVE = YES;
				CLANG_WARN_UNREACHABLE_CODE = YES;
				CLANG_WARN__DUPLICATE_METHOD_MATCH = YES;
				"CODE_SIGN_IDENTITY[sdk=iphoneos*]" = "iPhone Developer";
				COPY_PHASE_STRIP = NO;
				DEBUG_INFORMATION_FORMAT = "dwarf-with-dsym";
				ENABLE_NS_ASSERTIONS = NO;
				ENABLE_STRICT_OBJC_MSGSEND = YES;
				GCC_C_LANGUAGE_STANDARD = gnu99;
				GCC_NO_COMMON_BLOCKS = YES;
				GCC_WARN_64_TO_32_BIT_CONVERSION = YES;
				GCC_WARN_ABOUT_RETURN_TYPE = YES_ERROR;
				GCC_WARN_UNDECLARED_SELECTOR = YES;
				GCC_WARN_UNINITIALIZED_AUTOS = YES_AGGRESSIVE;
				GCC_WARN_UNUSED_FUNCTION = YES;
				GCC_WARN_UNUSED_VARIABLE = YES;
				IPHONEOS_DEPLOYMENT_TARGET = 10.2;
				MTL_ENABLE_DEBUG_INFO = NO;
				SDKROOT = iphoneos;
				SWIFT_OPTIMIZATION_LEVEL = "-Owholemodule";
				TARGETED_DEVICE_FAMILY = "1,2";
				VALIDATE_PRODUCT = YES;
			};
			name = Release;
		};
		41430C2E1E037A9800DA54D7 /* Debug */ = {
			isa = XCBuildConfiguration;
			buildSettings = {
				ASSETCATALOG_COMPILER_APPICON_NAME = AppIcon;
				DEVELOPMENT_TEAM = 7CWD477XND;
				INFOPLIST_FILE = Wisher/Info.plist;
				LD_RUNPATH_SEARCH_PATHS = "$(inherited) @executable_path/Frameworks";
				PRODUCT_BUNDLE_IDENTIFIER = net.epavlov.Wisher;
				PRODUCT_NAME = "$(TARGET_NAME)";
				SWIFT_VERSION = 3.0;
			};
			name = Debug;
		};
		41430C2F1E037A9800DA54D7 /* Release */ = {
			isa = XCBuildConfiguration;
			buildSettings = {
				ASSETCATALOG_COMPILER_APPICON_NAME = AppIcon;
				DEVELOPMENT_TEAM = 7CWD477XND;
				INFOPLIST_FILE = Wisher/Info.plist;
				LD_RUNPATH_SEARCH_PATHS = "$(inherited) @executable_path/Frameworks";
				PRODUCT_BUNDLE_IDENTIFIER = net.epavlov.Wisher;
				PRODUCT_NAME = "$(TARGET_NAME)";
				SWIFT_VERSION = 3.0;
			};
			name = Release;
		};
/* End XCBuildConfiguration section */

/* Begin XCConfigurationList section */
		41430C131E037A9800DA54D7 /* Build configuration list for PBXProject "Wisher" */ = {
			isa = XCConfigurationList;
			buildConfigurations = (
				41430C2B1E037A9800DA54D7 /* Debug */,
				41430C2C1E037A9800DA54D7 /* Release */,
			);
			defaultConfigurationIsVisible = 0;
			defaultConfigurationName = Release;
		};
		41430C2D1E037A9800DA54D7 /* Build configuration list for PBXNativeTarget "Wisher" */ = {
			isa = XCConfigurationList;
			buildConfigurations = (
				41430C2E1E037A9800DA54D7 /* Debug */,
				41430C2F1E037A9800DA54D7 /* Release */,
			);
			defaultConfigurationIsVisible = 0;
		};
/* End XCConfigurationList section */

/* Begin XCVersionGroup section */
		41430C221E037A9800DA54D7 /* Wisher.xcdatamodeld */ = {
			isa = XCVersionGroup;
			children = (
				41430C231E037A9800DA54D7 /* Wisher.xcdatamodel */,
			);
			currentVersion = 41430C231E037A9800DA54D7 /* Wisher.xcdatamodel */;
			path = Wisher.xcdatamodeld;
			sourceTree = "<group>";
			versionGroupType = wrapper.xcdatamodel;
		};
/* End XCVersionGroup section */
	};
	rootObject = 41430C101E037A9800DA54D7 /* Project object */;
}
